
Microsoft Visual Studio Solution File, Format Version 12.00
# Visual Studio Version 17
VisualStudioVersion = 17.6.33723.286
MinimumVisualStudioVersion = 10.0.40219.1
Project("{FAE04EC0-301F-11D3-BF4B-00C04F79EFBC}") = "electronic-journal", "electronic-journal\electronic-journal.csproj", "{92A6C39A-10EB-43F6-AF15-E5420B60F870}"
EndProject
Global
	GlobalSection(SolutionConfigurationPlatforms) = preSolution
		Debug|Any CPU = Debug|Any CPU
		Release|Any CPU = Release|Any CPU
	EndGlobalSection
	GlobalSection(ProjectConfigurationPlatforms) = postSolution
		{92A6C39A-10EB-43F6-AF15-E5420B60F870}.Debug|Any CPU.ActiveCfg = Debug|Any CPU
		{92A6C39A-10EB-43F6-AF15-E5420B60F870}.Debug|Any CPU.Build.0 = Debug|Any CPU
		{92A6C39A-10EB-43F6-AF15-E5420B60F870}.Release|Any CPU.ActiveCfg = Release|Any CPU
		{92A6C39A-10EB-43F6-AF15-E5420B60F870}.Release|Any CPU.Build.0 = Release|Any CPU
	EndGlobalSection
	GlobalSection(SolutionProperties) = preSolution
		HideSolutionNode = FALSE
	EndGlobalSection
	GlobalSection(ExtensibilityGlobals) = postSolution
		SolutionGuid = {F642ABF8-2BA4-421A-B051-FBF04C6AD026}
	EndGlobalSection
EndGlobal
